// !$*UTF8*$!
{
	archiveVersion = 1;
	classes = {
	};
	objectVersion = 50;
	objects = {

/* Begin PBXBuildFile section */
		F837A95D25EA5F6B00CA318D /* AppDelegate.swift in Sources */ = {isa = PBXBuildFile; fileRef = F837A95C25EA5F6B00CA318D /* AppDelegate.swift */; };
		F837A95F25EA5F6B00CA318D /* SceneDelegate.swift in Sources */ = {isa = PBXBuildFile; fileRef = F837A95E25EA5F6B00CA318D /* SceneDelegate.swift */; };
		F837A96125EA5F6B00CA318D /* OnboardingVC.swift in Sources */ = {isa = PBXBuildFile; fileRef = F837A96025EA5F6B00CA318D /* OnboardingVC.swift */; };
		F837A96425EA5F6B00CA318D /* Main.storyboard in Resources */ = {isa = PBXBuildFile; fileRef = F837A96225EA5F6B00CA318D /* Main.storyboard */; };
		F837A96625EA5F6C00CA318D /* Assets.xcassets in Resources */ = {isa = PBXBuildFile; fileRef = F837A96525EA5F6C00CA318D /* Assets.xcassets */; };
		F837A96925EA5F6C00CA318D /* LaunchScreen.storyboard in Resources */ = {isa = PBXBuildFile; fileRef = F837A96725EA5F6C00CA318D /* LaunchScreen.storyboard */; };
		F837A97425EA633300CA318D /* UIView+Extension.swift in Sources */ = {isa = PBXBuildFile; fileRef = F837A97325EA633300CA318D /* UIView+Extension.swift */; };
		F837A97B25EA64AC00CA318D /* OnboardingSlide.swift in Sources */ = {isa = PBXBuildFile; fileRef = F837A97A25EA64AC00CA318D /* OnboardingSlide.swift */; };
		F837A97F25EA67C900CA318D /* OnboardingCollectionViewCell.swift in Sources */ = {isa = PBXBuildFile; fileRef = F837A97E25EA67C900CA318D /* OnboardingCollectionViewCell.swift */; };
/* End PBXBuildFile section */

/* Begin PBXFileReference section */
		F837A95925EA5F6B00CA318D /* OnboardingDemo.app */ = {isa = PBXFileReference; explicitFileType = wrapper.application; includeInIndex = 0; path = OnboardingDemo.app; sourceTree = BUILT_PRODUCTS_DIR; };
		F837A95C25EA5F6B00CA318D /* AppDelegate.swift */ = {isa = PBXFileReference; lastKnownFileType = sourcecode.swift; path = AppDelegate.swift; sourceTree = "<group>"; };
		F837A95E25EA5F6B00CA318D /* SceneDelegate.swift */ = {isa = PBXFileReference; lastKnownFileType = sourcecode.swift; path = SceneDelegate.swift; sourceTree = "<group>"; };
		F837A96025EA5F6B00CA318D /* OnboardingVC.swift */ = {isa = PBXFileReference; lastKnownFileType = sourcecode.swift; path = OnboardingVC.swift; sourceTree = "<group>"; };
		F837A96325EA5F6B00CA318D /* Base */ = {isa = PBXFileReference; lastKnownFileType = file.storyboard; name = Base; path = Base.lproj/Main.storyboard; sourceTree = "<group>"; };
		F837A96525EA5F6C00CA318D /* Assets.xcassets */ = {isa = PBXFileReference; lastKnownFileType = folder.assetcatalog; path = Assets.xcassets; sourceTree = "<group>"; };
		F837A96825EA5F6C00CA318D /* Base */ = {isa = PBXFileReference; lastKnownFileType = file.storyboard; name = Base; path = Base.lproj/LaunchScreen.storyboard; sourceTree = "<group>"; };
		F837A96A25EA5F6C00CA318D /* Info.plist */ = {isa = PBXFileReference; lastKnownFileType = text.plist.xml; path = Info.plist; sourceTree = "<group>"; };
		F837A97325EA633300CA318D /* UIView+Extension.swift */ = {isa = PBXFileReference; lastKnownFileType = sourcecode.swift; path = "UIView+Extension.swift"; sourceTree = "<group>"; };
		F837A97A25EA64AC00CA318D /* OnboardingSlide.swift */ = {isa = PBXFileReference; lastKnownFileType = sourcecode.swift; path = OnboardingSlide.swift; sourceTree = "<group>"; };
		F837A97E25EA67C900CA318D /* OnboardingCollectionViewCell.swift */ = {isa = PBXFileReference; lastKnownFileType = sourcecode.swift; path = OnboardingCollectionViewCell.swift; sourceTree = "<group>"; };
/* End PBXFileReference section */

/* Begin PBXFrameworksBuildPhase section */
		F837A95625EA5F6B00CA318D /* Frameworks */ = {
			isa = PBXFrameworksBuildPhase;
			buildActionMask = 2147483647;
			files = (
			);
			runOnlyForDeploymentPostprocessing = 0;
		};
/* End PBXFrameworksBuildPhase section */

/* Begin PBXGroup section */
		F837A95025EA5F6B00CA318D = {
			isa = PBXGroup;
			children = (
				F837A95B25EA5F6B00CA318D /* OnboardingDemo */,
				F837A95A25EA5F6B00CA318D /* Products */,
			);
			sourceTree = "<group>";
		};
		F837A95A25EA5F6B00CA318D /* Products */ = {
			isa = PBXGroup;
			children = (
				F837A95925EA5F6B00CA318D /* OnboardingDemo.app */,
			);
			name = Products;
			sourceTree = "<group>";
		};
		F837A95B25EA5F6B00CA318D /* OnboardingDemo */ = {
			isa = PBXGroup;
			children = (
				F837A95C25EA5F6B00CA318D /* AppDelegate.swift */,
				F837A95E25EA5F6B00CA318D /* SceneDelegate.swift */,
				F837A96525EA5F6C00CA318D /* Assets.xcassets */,
				F837A96A25EA5F6C00CA318D /* Info.plist */,
				F837A97825EA645300CA318D /* Extensions */,
				F837A97725EA645100CA318D /* Model */,
				F837A97925EA647000CA318D /* View */,
				F837A97625EA644E00CA318D /* Controller */,
			);
			path = OnboardingDemo;
			sourceTree = "<group>";
		};
		F837A97625EA644E00CA318D /* Controller */ = {
			isa = PBXGroup;
			children = (
				F837A96025EA5F6B00CA318D /* OnboardingVC.swift */,
			);
			path = Controller;
			sourceTree = "<group>";
		};
		F837A97725EA645100CA318D /* Model */ = {
			isa = PBXGroup;
			children = (
				F837A97A25EA64AC00CA318D /* OnboardingSlide.swift */,
			);
			path = Model;
			sourceTree = "<group>";
		};
		F837A97825EA645300CA318D /* Extensions */ = {
			isa = PBXGroup;
			children = (
				F837A97325EA633300CA318D /* UIView+Extension.swift */,
			);
			path = Extensions;
			sourceTree = "<group>";
		};
		F837A97925EA647000CA318D /* View */ = {
			isa = PBXGroup;
			children = (
				F837A96225EA5F6B00CA318D /* Main.storyboard */,
				F837A96725EA5F6C00CA318D /* LaunchScreen.storyboard */,
				F837A97E25EA67C900CA318D /* OnboardingCollectionViewCell.swift */,
			);
			path = View;
			sourceTree = "<group>";
		};
/* End PBXGroup section */

/* Begin PBXNativeTarget section */
		F837A95825EA5F6B00CA318D /* OnboardingDemo */ = {
			isa = PBXNativeTarget;
			buildConfigurationList = F837A96D25EA5F6C00CA318D /* Build configuration list for PBXNativeTarget "OnboardingDemo" */;
			buildPhases = (
				F837A95525EA5F6B00CA318D /* Sources */,
				F837A95625EA5F6B00CA318D /* Frameworks */,
				F837A95725EA5F6B00CA318D /* Resources */,
			);
			buildRules = (
			);
			dependencies = (
			);
			name = OnboardingDemo;
			productName = OnboardingDemo;
			productReference = F837A95925EA5F6B00CA318D /* OnboardingDemo.app */;
			productType = "com.apple.product-type.application";
		};
/* End PBXNativeTarget section */

/* Begin PBXProject section */
		F837A95125EA5F6B00CA318D /* Project object */ = {
			isa = PBXProject;
			attributes = {
				LastSwiftUpdateCheck = 1230;
				LastUpgradeCheck = 1230;
				TargetAttributes = {
					F837A95825EA5F6B00CA318D = {
						CreatedOnToolsVersion = 12.3;
					};
				};
			};
			buildConfigurationList = F837A95425EA5F6B00CA318D /* Build configuration list for PBXProject "OnboardingDemo" */;
			compatibilityVersion = "Xcode 9.3";
			developmentRegion = en;
			hasScannedForEncodings = 0;
			knownRegions = (
				en,
				Base,
			);
			mainGroup = F837A95025EA5F6B00CA318D;
			productRefGroup = F837A95A25EA5F6B00CA318D /* Products */;
			projectDirPath = "";
			projectRoot = "";
			targets = (
				F837A95825EA5F6B00CA318D /* OnboardingDemo */,
			);
		};
/* End PBXProject section */

/* Begin PBXResourcesBuildPhase section */
		F837A95725EA5F6B00CA318D /* Resources */ = {
			isa = PBXResourcesBuildPhase;
			buildActionMask = 2147483647;
			files = (
				F837A96925EA5F6C00CA318D /* LaunchScreen.storyboard in Resources */,
				F837A96625EA5F6C00CA318D /* Assets.xcassets in Resources */,
				F837A96425EA5F6B00CA318D /* Main.storyboard in Resources */,
			);
			runOnlyForDeploymentPostprocessing = 0;
		};
/* End PBXResourcesBuildPhase section */

/* Begin PBXSourcesBuildPhase section */
		F837A95525EA5F6B00CA318D /* Sources */ = {
			isa = PBXSourcesBuildPhase;
			buildActionMask = 2147483647;
			files = (
				F837A97B25EA64AC00CA318D /* OnboardingSlide.swift in Sources */,
				F837A96125EA5F6B00CA318D /* OnboardingVC.swift in Sources */,
				F837A95D25EA5F6B00CA318D /* AppDelegate.swift in Sources */,
				F837A97425EA633300CA318D /* UIView+Extension.swift in Sources */,
				F837A95F25EA5F6B00CA318D /* SceneDelegate.swift in Sources */,
				F837A97F25EA67C900CA318D /* OnboardingCollectionViewCell.swift in Sources */,
			);
			runOnlyForDeploymentPostprocessing = 0;
		};
/* End PBXSourcesBuildPhase section */

/* Begin PBXVariantGroup section */
		F837A96225EA5F6B00CA318D /* Main.storyboard */ = {
			isa = PBXVariantGroup;
			children = (
				F837A96325EA5F6B00CA318D /* Base */,
			);
			name = Main.storyboard;
			sourceTree = "<group>";
		};
		F837A96725EA5F6C00CA318D /* LaunchScreen.storyboard */ = {
			isa = PBXVariantGroup;
			children = (
				F837A96825EA5F6C00CA318D /* Base */,
			);
			name = LaunchScreen.storyboard;
			sourceTree = "<group>";
		};
/* End PBXVariantGroup section */

/* Begin XCBuildConfiguration section */
		F837A96B25EA5F6C00CA318D /* Debug */ = {
			isa = XCBuildConfiguration;
			buildSettings = {
				ALWAYS_SEARCH_USER_PATHS = NO;
				CLANG_ANALYZER_NONNULL = YES;
				CLANG_ANALYZER_NUMBER_OBJECT_CONVERSION = YES_AGGRESSIVE;
				CLANG_CXX_LANGUAGE_STANDARD = "gnu++14";
				CLANG_CXX_LIBRARY = "libc++";
				CLANG_ENABLE_MODULES = YES;
				CLANG_ENABLE_OBJC_ARC = YES;
				CLANG_ENABLE_OBJC_WEAK = YES;
				CLANG_WARN_BLOCK_CAPTURE_AUTORELEASING = YES;
				CLANG_WARN_BOOL_CONVERSION = YES;
				CLANG_WARN_COMMA = YES;
				CLANG_WARN_CONSTANT_CONVERSION = YES;
				CLANG_WARN_DEPRECATED_OBJC_IMPLEMENTATIONS = YES;
				CLANG_WARN_DIRECT_OBJC_ISA_USAGE = YES_ERROR;
				CLANG_WARN_DOCUMENTATION_COMMENTS = YES;
				CLANG_WARN_EMPTY_BODY = YES;
				CLANG_WARN_ENUM_CONVERSION = YES;
				CLANG_WARN_INFINITE_RECURSION = YES;
				CLANG_WARN_INT_CONVERSION = YES;
				CLANG_WARN_NON_LITERAL_NULL_CONVERSION = YES;
				CLANG_WARN_OBJC_IMPLICIT_RETAIN_SELF = YES;
				CLANG_WARN_OBJC_LITERAL_CONVERSION = YES;
				CLANG_WARN_OBJC_ROOT_CLASS = YES_ERROR;
				CLANG_WARN_QUOTED_INCLUDE_IN_FRAMEWORK_HEADER = YES;
				CLANG_WARN_RANGE_LOOP_ANALYSIS = YES;
				CLANG_WARN_STRICT_PROTOTYPES = YES;
				CLANG_WARN_SUSPICIOUS_MOVE = YES;
				CLANG_WARN_UNGUARDED_AVAILABILITY = YES_AGGRESSIVE;
				CLANG_WARN_UNREACHABLE_CODE = YES;
				CLANG_WARN__DUPLICATE_METHOD_MATCH = YES;
				COPY_PHASE_STRIP = NO;
				DEBUG_INFORMATION_FORMAT = dwarf;
				ENABLE_STRICT_OBJC_MSGSEND = YES;
				ENABLE_TESTABILITY = YES;
				GCC_C_LANGUAGE_STANDARD = gnu11;
				GCC_DYNAMIC_NO_PIC = NO;
				GCC_NO_COMMON_BLOCKS = YES;
				GCC_OPTIMIZATION_LEVEL = 0;
				GCC_PREPROCESSOR_DEFINITIONS = (
					"DEBUG=1",
					"$(inherited)",
				);
				GCC_WARN_64_TO_32_BIT_CONVERSION = YES;
				GCC_WARN_ABOUT_RETURN_TYPE = YES_ERROR;
				GCC_WARN_UNDECLARED_SELECTOR = YES;
				GCC_WARN_UNINITIALIZED_AUTOS = YES_AGGRESSIVE;
				GCC_WARN_UNUSED_FUNCTION = YES;
				GCC_WARN_UNUSED_VARIABLE = YES;
				IPHONEOS_DEPLOYMENT_TARGET = 14.3;
				MTL_ENABLE_DEBUG_INFO = INCLUDE_SOURCE;
				MTL_FAST_MATH = YES;
				ONLY_ACTIVE_ARCH = YES;
				SDKROOT = iphoneos;
				SWIFT_ACTIVE_COMPILATION_CONDITIONS = DEBUG;
				SWIFT_OPTIMIZATION_LEVEL = "-Onone";
			};
			name = Debug;
		};
		F837A96C25EA5F6C00CA318D /* Release */ = {
			isa = XCBuildConfiguration;
			buildSettings = {
				ALWAYS_SEARCH_USER_PATHS = NO;
				CLANG_ANALYZER_NONNULL = YES;
				CLANG_ANALYZER_NUMBER_OBJECT_CONVERSION = YES_AGGRESSIVE;
				CLANG_CXX_LANGUAGE_STANDARD = "gnu++14";
				CLANG_CXX_LIBRARY = "libc++";
				CLANG_ENABLE_MODULES = YES;
				CLANG_ENABLE_OBJC_ARC = YES;
				CLANG_ENABLE_OBJC_WEAK = YES;
				CLANG_WARN_BLOCK_CAPTURE_AUTORELEASING = YES;
				CLANG_WARN_BOOL_CONVERSION = YES;
				CLANG_WARN_COMMA = YES;
				CLANG_WARN_CONSTANT_CONVERSION = YES;
				CLANG_WARN_DEPRECATED_OBJC_IMPLEMENTATIONS = YES;
				CLANG_WARN_DIRECT_OBJC_ISA_USAGE = YES_ERROR;
				CLANG_WARN_DOCUMENTATION_COMMENTS = YES;
				CLANG_WARN_EMPTY_BODY = YES;
				CLANG_WARN_ENUM_CONVERSION = YES;
				CLANG_WARN_INFINITE_RECURSION = YES;
				CLANG_WARN_INT_CONVERSION = YES;
				CLANG_WARN_NON_LITERAL_NULL_CONVERSION = YES;
				CLANG_WARN_OBJC_IMPLICIT_RETAIN_SELF = YES;
				CLANG_WARN_OBJC_LITERAL_CONVERSION = YES;
				CLANG_WARN_OBJC_ROOT_CLASS = YES_ERROR;
				CLANG_WARN_QUOTED_INCLUDE_IN_FRAMEWORK_HEADER = YES;
				CLANG_WARN_RANGE_LOOP_ANALYSIS = YES;
				CLANG_WARN_STRICT_PROTOTYPES = YES;
				CLANG_WARN_SUSPICIOUS_MOVE = YES;
				CLANG_WARN_UNGUARDED_AVAILABILITY = YES_AGGRESSIVE;
				CLANG_WARN_UNREACHABLE_CODE = YES;
				CLANG_WARN__DUPLICATE_METHOD_MATCH = YES;
				COPY_PHASE_STRIP = NO;
				DEBUG_INFORMATION_FORMAT = "dwarf-with-dsym";
				ENABLE_NS_ASSERTIONS = NO;
				ENABLE_STRICT_OBJC_MSGSEND = YES;
				GCC_C_LANGUAGE_STANDARD = gnu11;
				GCC_NO_COMMON_BLOCKS = YES;
				GCC_WARN_64_TO_32_BIT_CONVERSION = YES;
				GCC_WARN_ABOUT_RETURN_TYPE = YES_ERROR;
				GCC_WARN_UNDECLARED_SELECTOR = YES;
				GCC_WARN_UNINITIALIZED_AUTOS = YES_AGGRESSIVE;
				GCC_WARN_UNUSED_FUNCTION = YES;
				GCC_WARN_UNUSED_VARIABLE = YES;
				IPHONEOS_DEPLOYMENT_TARGET = 14.3;
				MTL_ENABLE_DEBUG_INFO = NO;
				MTL_FAST_MATH = YES;
				SDKROOT = iphoneos;
				SWIFT_COMPILATION_MODE = wholemodule;
				SWIFT_OPTIMIZATION_LEVEL = "-O";
				VALIDATE_PRODUCT = YES;
			};
			name = Release;
		};
		F837A96E25EA5F6C00CA318D /* Debug */ = {
			isa = XCBuildConfiguration;
			buildSettings = {
				ASSETCATALOG_COMPILER_APPICON_NAME = AppIcon;
				ASSETCATALOG_COMPILER_GLOBAL_ACCENT_COLOR_NAME = AccentColor;
				CODE_SIGN_STYLE = Automatic;
				DEVELOPMENT_TEAM = TY688UF8SJ;
				INFOPLIST_FILE = OnboardingDemo/Info.plist;
				LD_RUNPATH_SEARCH_PATHS = (
					"$(inherited)",
					"@executable_path/Frameworks",
				);
				PRODUCT_BUNDLE_IDENTIFIER = com.rivile.OnboardingDemo;
				PRODUCT_NAME = "$(TARGET_NAME)";
				SWIFT_VERSION = 5.0;
				TARGETED_DEVICE_FAMILY = 1;
			};
			name = Debug;
		};
		F837A96F25EA5F6C00CA318D /* Release */ = {
			isa = XCBuildConfiguration;
			buildSettings = {
				ASSETCATALOG_COMPILER_APPICON_NAME = AppIcon;
				ASSETCATALOG_COMPILER_GLOBAL_ACCENT_COLOR_NAME = AccentColor;
				CODE_SIGN_STYLE = Automatic;
				DEVELOPMENT_TEAM = TY688UF8SJ;
				INFOPLIST_FILE = OnboardingDemo/Info.plist;
				LD_RUNPATH_SEARCH_PATHS = (
					"$(inherited)",
					"@executable_path/Frameworks",
				);
				PRODUCT_BUNDLE_IDENTIFIER = com.rivile.OnboardingDemo;
				PRODUCT_NAME = "$(TARGET_NAME)";
				SWIFT_VERSION = 5.0;
				TARGETED_DEVICE_FAMILY = 1;
			};
			name = Release;
		};
/* End XCBuildConfiguration section */

/* Begin XCConfigurationList section */
		F837A95425EA5F6B00CA318D /* Build configuration list for PBXProject "OnboardingDemo" */ = {
			isa = XCConfigurationList;
			buildConfigurations = (
				F837A96B25EA5F6C00CA318D /* Debug */,
				F837A96C25EA5F6C00CA318D /* Release */,
			);
			defaultConfigurationIsVisible = 0;
			defaultConfigurationName = Release;
		};
		F837A96D25EA5F6C00CA318D /* Build configuration list for PBXNativeTarget "OnboardingDemo" */ = {
			isa = XCConfigurationList;
			buildConfigurations = (
				F837A96E25EA5F6C00CA318D /* Debug */,
				F837A96F25EA5F6C00CA318D /* Release */,
			);
			defaultConfigurationIsVisible = 0;
			defaultConfigurationName = Release;
		};
/* End XCConfigurationList section */
	};
	rootObject = F837A95125EA5F6B00CA318D /* Project object */;
}
